// !$*UTF8*$!
{
	archiveVersion = 1;
	classes = {
	};
	objectVersion = 50;
	objects = {

/* Begin PBXBuildFile section */
		1B56A8312579ED7F0040E218 /* AppDelegate.m in Sources */ = {isa = PBXBuildFile; fileRef = 1B56A8302579ED7F0040E218 /* AppDelegate.m */; };
		1B56A8372579ED7F0040E218 /* ViewController.m in Sources */ = {isa = PBXBuildFile; fileRef = 1B56A8362579ED7F0040E218 /* ViewController.m */; };
		1B56A83A2579ED7F0040E218 /* Main.storyboard in Resources */ = {isa = PBXBuildFile; fileRef = 1B56A8382579ED7F0040E218 /* Main.storyboard */; };
		1B56A83C2579ED810040E218 /* Assets.xcassets in Resources */ = {isa = PBXBuildFile; fileRef = 1B56A83B2579ED810040E218 /* Assets.xcassets */; };
		1B56A83F2579ED810040E218 /* LaunchScreen.storyboard in Resources */ = {isa = PBXBuildFile; fileRef = 1B56A83D2579ED810040E218 /* LaunchScreen.storyboard */; };
		1B56A8422579ED810040E218 /* main.m in Sources */ = {isa = PBXBuildFile; fileRef = 1B56A8412579ED810040E218 /* main.m */; };
		1B56A84C2579ED810040E218 /* iOS14Tests.m in Sources */ = {isa = PBXBuildFile; fileRef = 1B56A84B2579ED810040E218 /* iOS14Tests.m */; };
		1B56A8572579ED820040E218 /* iOS14UITests.m in Sources */ = {isa = PBXBuildFile; fileRef = 1B56A8562579ED820040E218 /* iOS14UITests.m */; };
		1B56A8B32589C67B0040E218 /* LJHConversion.m in Sources */ = {isa = PBXBuildFile; fileRef = 1B56A8B22589C67B0040E218 /* LJHConversion.m */; };
		1B56A8C5258B05960040E218 /* ConversionViewController.m in Sources */ = {isa = PBXBuildFile; fileRef = 1B56A8C3258B05960040E218 /* ConversionViewController.m */; };
/* End PBXBuildFile section */

/* Begin PBXContainerItemProxy section */
		1B56A8482579ED810040E218 /* PBXContainerItemProxy */ = {
			isa = PBXContainerItemProxy;
			containerPortal = 1B56A8242579ED7F0040E218 /* Project object */;
			proxyType = 1;
			remoteGlobalIDString = 1B56A82B2579ED7F0040E218;
			remoteInfo = iOS14;
		};
		1B56A8532579ED810040E218 /* PBXContainerItemProxy */ = {
			isa = PBXContainerItemProxy;
			containerPortal = 1B56A8242579ED7F0040E218 /* Project object */;
			proxyType = 1;
			remoteGlobalIDString = 1B56A82B2579ED7F0040E218;
			remoteInfo = iOS14;
		};
/* End PBXContainerItemProxy section */

/* Begin PBXFileReference section */
		1B56A82C2579ED7F0040E218 /* LiangjianghuSampleApp.app */ = {isa = PBXFileReference; explicitFileType = wrapper.application; includeInIndex = 0; path = LiangjianghuSampleApp.app; sourceTree = BUILT_PRODUCTS_DIR; };
		1B56A82F2579ED7F0040E218 /* AppDelegate.h */ = {isa = PBXFileReference; lastKnownFileType = sourcecode.c.h; path = AppDelegate.h; sourceTree = "<group>"; };
		1B56A8302579ED7F0040E218 /* AppDelegate.m */ = {isa = PBXFileReference; lastKnownFileType = sourcecode.c.objc; path = AppDelegate.m; sourceTree = "<group>"; };
		1B56A8352579ED7F0040E218 /* ViewController.h */ = {isa = PBXFileReference; lastKnownFileType = sourcecode.c.h; path = ViewController.h; sourceTree = "<group>"; };
		1B56A8362579ED7F0040E218 /* ViewController.m */ = {isa = PBXFileReference; lastKnownFileType = sourcecode.c.objc; path = ViewController.m; sourceTree = "<group>"; };
		1B56A8392579ED7F0040E218 /* Base */ = {isa = PBXFileReference; lastKnownFileType = file.storyboard; name = Base; path = Base.lproj/Main.storyboard; sourceTree = "<group>"; };
		1B56A83B2579ED810040E218 /* Assets.xcassets */ = {isa = PBXFileReference; lastKnownFileType = folder.assetcatalog; path = Assets.xcassets; sourceTree = "<group>"; };
		1B56A83E2579ED810040E218 /* Base */ = {isa = PBXFileReference; lastKnownFileType = file.storyboard; name = Base; path = Base.lproj/LaunchScreen.storyboard; sourceTree = "<group>"; };
		1B56A8402579ED810040E218 /* Info.plist */ = {isa = PBXFileReference; lastKnownFileType = text.plist.xml; path = Info.plist; sourceTree = "<group>"; };
		1B56A8412579ED810040E218 /* main.m */ = {isa = PBXFileReference; lastKnownFileType = sourcecode.c.objc; path = main.m; sourceTree = "<group>"; };
		1B56A8472579ED810040E218 /* LiangjianghuSampleAppTests.xctest */ = {isa = PBXFileReference; explicitFileType = wrapper.cfbundle; includeInIndex = 0; path = LiangjianghuSampleAppTests.xctest; sourceTree = BUILT_PRODUCTS_DIR; };
		1B56A84B2579ED810040E218 /* iOS14Tests.m */ = {isa = PBXFileReference; lastKnownFileType = sourcecode.c.objc; path = iOS14Tests.m; sourceTree = "<group>"; };
		1B56A84D2579ED810040E218 /* Info.plist */ = {isa = PBXFileReference; lastKnownFileType = text.plist.xml; path = Info.plist; sourceTree = "<group>"; };
		1B56A8522579ED810040E218 /* LiangjianghuSampleAppUITests.xctest */ = {isa = PBXFileReference; explicitFileType = wrapper.cfbundle; includeInIndex = 0; path = LiangjianghuSampleAppUITests.xctest; sourceTree = BUILT_PRODUCTS_DIR; };
		1B56A8562579ED820040E218 /* iOS14UITests.m */ = {isa = PBXFileReference; lastKnownFileType = sourcecode.c.objc; path = iOS14UITests.m; sourceTree = "<group>"; };
		1B56A8582579ED820040E218 /* Info.plist */ = {isa = PBXFileReference; lastKnownFileType = text.plist.xml; path = Info.plist; sourceTree = "<group>"; };
		1B56A8B12589C67B0040E218 /* LJHConversion.h */ = {isa = PBXFileReference; lastKnownFileType = sourcecode.c.h; path = LJHConversion.h; sourceTree = "<group>"; };
		1B56A8B22589C67B0040E218 /* LJHConversion.m */ = {isa = PBXFileReference; lastKnownFileType = sourcecode.c.objc; path = LJHConversion.m; sourceTree = "<group>"; };
		1B56A8C2258B05960040E218 /* ConversionViewController.h */ = {isa = PBXFileReference; lastKnownFileType = sourcecode.c.h; path = ConversionViewController.h; sourceTree = "<group>"; };
		1B56A8C3258B05960040E218 /* ConversionViewController.m */ = {isa = PBXFileReference; lastKnownFileType = sourcecode.c.objc; path = ConversionViewController.m; sourceTree = "<group>"; };
/* End PBXFileReference section */

/* Begin PBXFrameworksBuildPhase section */
		1B56A8292579ED7F0040E218 /* Frameworks */ = {
			isa = PBXFrameworksBuildPhase;
			buildActionMask = 2147483647;
			files = (
			);
			runOnlyForDeploymentPostprocessing = 0;
		};
		1B56A8442579ED810040E218 /* Frameworks */ = {
			isa = PBXFrameworksBuildPhase;
			buildActionMask = 2147483647;
			files = (
			);
			runOnlyForDeploymentPostprocessing = 0;
		};
		1B56A84F2579ED810040E218 /* Frameworks */ = {
			isa = PBXFrameworksBuildPhase;
			buildActionMask = 2147483647;
			files = (
			);
			runOnlyForDeploymentPostprocessing = 0;
		};
/* End PBXFrameworksBuildPhase section */

/* Begin PBXGroup section */
		1B56A8232579ED7F0040E218 = {
			isa = PBXGroup;
			children = (
				1B56A82E2579ED7F0040E218 /* iOS14 */,
				1B56A84A2579ED810040E218 /* iOS14Tests */,
				1B56A8552579ED810040E218 /* iOS14UITests */,
				1B56A82D2579ED7F0040E218 /* Products */,
			);
			sourceTree = "<group>";
		};
		1B56A82D2579ED7F0040E218 /* Products */ = {
			isa = PBXGroup;
			children = (
				1B56A82C2579ED7F0040E218 /* LiangjianghuSampleApp.app */,
				1B56A8472579ED810040E218 /* LiangjianghuSampleAppTests.xctest */,
				1B56A8522579ED810040E218 /* LiangjianghuSampleAppUITests.xctest */,
			);
			name = Products;
			sourceTree = "<group>";
		};
		1B56A82E2579ED7F0040E218 /* iOS14 */ = {
			isa = PBXGroup;
			children = (
				1B56A82F2579ED7F0040E218 /* AppDelegate.h */,
				1B56A8302579ED7F0040E218 /* AppDelegate.m */,
				1B56A8352579ED7F0040E218 /* ViewController.h */,
				1B56A8362579ED7F0040E218 /* ViewController.m */,
				1B56A8382579ED7F0040E218 /* Main.storyboard */,
				1B56A83B2579ED810040E218 /* Assets.xcassets */,
				1B56A83D2579ED810040E218 /* LaunchScreen.storyboard */,
				1B56A8402579ED810040E218 /* Info.plist */,
				1B56A8412579ED810040E218 /* main.m */,
				1B56A8B12589C67B0040E218 /* LJHConversion.h */,
				1B56A8B22589C67B0040E218 /* LJHConversion.m */,
				1B56A8C2258B05960040E218 /* ConversionViewController.h */,
				1B56A8C3258B05960040E218 /* ConversionViewController.m */,
			);
			path = iOS14;
			sourceTree = "<group>";
		};
		1B56A84A2579ED810040E218 /* iOS14Tests */ = {
			isa = PBXGroup;
			children = (
				1B56A84B2579ED810040E218 /* iOS14Tests.m */,
				1B56A84D2579ED810040E218 /* Info.plist */,
			);
			path = iOS14Tests;
			sourceTree = "<group>";
		};
		1B56A8552579ED810040E218 /* iOS14UITests */ = {
			isa = PBXGroup;
			children = (
				1B56A8562579ED820040E218 /* iOS14UITests.m */,
				1B56A8582579ED820040E218 /* Info.plist */,
			);
			path = iOS14UITests;
			sourceTree = "<group>";
		};
/* End PBXGroup section */

/* Begin PBXNativeTarget section */
		1B56A82B2579ED7F0040E218 /* LiangjianghuSampleApp */ = {
			isa = PBXNativeTarget;
			buildConfigurationList = 1B56A85B2579ED820040E218 /* Build configuration list for PBXNativeTarget "LiangjianghuSampleApp" */;
			buildPhases = (
				1B56A8282579ED7F0040E218 /* Sources */,
				1B56A8292579ED7F0040E218 /* Frameworks */,
				1B56A82A2579ED7F0040E218 /* Resources */,
			);
			buildRules = (
			);
			dependencies = (
			);
			name = LiangjianghuSampleApp;
			productName = iOS14;
			productReference = 1B56A82C2579ED7F0040E218 /* LiangjianghuSampleApp.app */;
			productType = "com.apple.product-type.application";
		};
		1B56A8462579ED810040E218 /* LiangjianghuSampleAppTests */ = {
			isa = PBXNativeTarget;
			buildConfigurationList = 1B56A85E2579ED820040E218 /* Build configuration list for PBXNativeTarget "LiangjianghuSampleAppTests" */;
			buildPhases = (
				1B56A8432579ED810040E218 /* Sources */,
				1B56A8442579ED810040E218 /* Frameworks */,
				1B56A8452579ED810040E218 /* Resources */,
			);
			buildRules = (
			);
			dependencies = (
				1B56A8492579ED810040E218 /* PBXTargetDependency */,
			);
			name = LiangjianghuSampleAppTests;
			productName = iOS14Tests;
			productReference = 1B56A8472579ED810040E218 /* LiangjianghuSampleAppTests.xctest */;
			productType = "com.apple.product-type.bundle.unit-test";
		};
		1B56A8512579ED810040E218 /* LiangjianghuSampleAppUITests */ = {
			isa = PBXNativeTarget;
			buildConfigurationList = 1B56A8612579ED820040E218 /* Build configuration list for PBXNativeTarget "LiangjianghuSampleAppUITests" */;
			buildPhases = (
				1B56A84E2579ED810040E218 /* Sources */,
				1B56A84F2579ED810040E218 /* Frameworks */,
				1B56A8502579ED810040E218 /* Resources */,
			);
			buildRules = (
			);
			dependencies = (
				1B56A8542579ED810040E218 /* PBXTargetDependency */,
			);
			name = LiangjianghuSampleAppUITests;
			productName = iOS14UITests;
			productReference = 1B56A8522579ED810040E218 /* LiangjianghuSampleAppUITests.xctest */;
			productType = "com.apple.product-type.bundle.ui-testing";
		};
/* End PBXNativeTarget section */

/* Begin PBXProject section */
		1B56A8242579ED7F0040E218 /* Project object */ = {
			isa = PBXProject;
			attributes = {
				LastUpgradeCheck = 1220;
				TargetAttributes = {
					1B56A82B2579ED7F0040E218 = {
						CreatedOnToolsVersion = 12.2;
					};
					1B56A8462579ED810040E218 = {
						CreatedOnToolsVersion = 12.2;
						TestTargetID = 1B56A82B2579ED7F0040E218;
					};
					1B56A8512579ED810040E218 = {
						CreatedOnToolsVersion = 12.2;
						TestTargetID = 1B56A82B2579ED7F0040E218;
					};
				};
			};
			buildConfigurationList = 1B56A8272579ED7F0040E218 /* Build configuration list for PBXProject "LiangjianghuSampleApp" */;
			compatibilityVersion = "Xcode 9.3";
			developmentRegion = en;
			hasScannedForEncodings = 0;
			knownRegions = (
				en,
				Base,
			);
			mainGroup = 1B56A8232579ED7F0040E218;
			productRefGroup = 1B56A82D2579ED7F0040E218 /* Products */;
			projectDirPath = "";
			projectRoot = "";
			targets = (
				1B56A82B2579ED7F0040E218 /* LiangjianghuSampleApp */,
				1B56A8462579ED810040E218 /* LiangjianghuSampleAppTests */,
				1B56A8512579ED810040E218 /* LiangjianghuSampleAppUITests */,
			);
		};
/* End PBXProject section */

/* Begin PBXResourcesBuildPhase section */
		1B56A82A2579ED7F0040E218 /* Resources */ = {
			isa = PBXResourcesBuildPhase;
			buildActionMask = 2147483647;
			files = (
				1B56A83F2579ED810040E218 /* LaunchScreen.storyboard in Resources */,
				1B56A83C2579ED810040E218 /* Assets.xcassets in Resources */,
				1B56A83A2579ED7F0040E218 /* Main.storyboard in Resources */,
			);
			runOnlyForDeploymentPostprocessing = 0;
		};
		1B56A8452579ED810040E218 /* Resources */ = {
			isa = PBXResourcesBuildPhase;
			buildActionMask = 2147483647;
			files = (
			);
			runOnlyForDeploymentPostprocessing = 0;
		};
		1B56A8502579ED810040E218 /* Resources */ = {
			isa = PBXResourcesBuildPhase;
			buildActionMask = 2147483647;
			files = (
			);
			runOnlyForDeploymentPostprocessing = 0;
		};
/* End PBXResourcesBuildPhase section */

/* Begin PBXSourcesBuildPhase section */
		1B56A8282579ED7F0040E218 /* Sources */ = {
			isa = PBXSourcesBuildPhase;
			buildActionMask = 2147483647;
			files = (
				1B56A8372579ED7F0040E218 /* ViewController.m in Sources */,
				1B56A8B32589C67B0040E218 /* LJHConversion.m in Sources */,
				1B56A8C5258B05960040E218 /* ConversionViewController.m in Sources */,
				1B56A8312579ED7F0040E218 /* AppDelegate.m in Sources */,
				1B56A8422579ED810040E218 /* main.m in Sources */,
			);
			runOnlyForDeploymentPostprocessing = 0;
		};
		1B56A8432579ED810040E218 /* Sources */ = {
			isa = PBXSourcesBuildPhase;
			buildActionMask = 2147483647;
			files = (
				1B56A84C2579ED810040E218 /* iOS14Tests.m in Sources */,
			);
			runOnlyForDeploymentPostprocessing = 0;
		};
		1B56A84E2579ED810040E218 /* Sources */ = {
			isa = PBXSourcesBuildPhase;
			buildActionMask = 2147483647;
			files = (
				1B56A8572579ED820040E218 /* iOS14UITests.m in Sources */,
			);
			runOnlyForDeploymentPostprocessing = 0;
		};
/* End PBXSourcesBuildPhase section */

/* Begin PBXTargetDependency section */
		1B56A8492579ED810040E218 /* PBXTargetDependency */ = {
			isa = PBXTargetDependency;
			target = 1B56A82B2579ED7F0040E218 /* LiangjianghuSampleApp */;
			targetProxy = 1B56A8482579ED810040E218 /* PBXContainerItemProxy */;
		};
		1B56A8542579ED810040E218 /* PBXTargetDependency */ = {
			isa = PBXTargetDependency;
			target = 1B56A82B2579ED7F0040E218 /* LiangjianghuSampleApp */;
			targetProxy = 1B56A8532579ED810040E218 /* PBXContainerItemProxy */;
		};
/* End PBXTargetDependency section */

/* Begin PBXVariantGroup section */
		1B56A8382579ED7F0040E218 /* Main.storyboard */ = {
			isa = PBXVariantGroup;
			children = (
				1B56A8392579ED7F0040E218 /* Base */,
			);
			name = Main.storyboard;
			sourceTree = "<group>";
		};
		1B56A83D2579ED810040E218 /* LaunchScreen.storyboard */ = {
			isa = PBXVariantGroup;
			children = (
				1B56A83E2579ED810040E218 /* Base */,
			);
			name = LaunchScreen.storyboard;
			sourceTree = "<group>";
		};
/* End PBXVariantGroup section */

/* Begin XCBuildConfiguration section */
		1B56A8592579ED820040E218 /* Debug */ = {
			isa = XCBuildConfiguration;
			buildSettings = {
				ALWAYS_SEARCH_USER_PATHS = NO;
				CLANG_ANALYZER_NONNULL = YES;
				CLANG_ANALYZER_NUMBER_OBJECT_CONVERSION = YES_AGGRESSIVE;
				CLANG_CXX_LANGUAGE_STANDARD = "gnu++14";
				CLANG_CXX_LIBRARY = "libc++";
				CLANG_ENABLE_MODULES = YES;
				CLANG_ENABLE_OBJC_ARC = YES;
				CLANG_ENABLE_OBJC_WEAK = YES;
				CLANG_WARN_BLOCK_CAPTURE_AUTORELEASING = YES;
				CLANG_WARN_BOOL_CONVERSION = YES;
				CLANG_WARN_COMMA = YES;
				CLANG_WARN_CONSTANT_CONVERSION = YES;
				CLANG_WARN_DEPRECATED_OBJC_IMPLEMENTATIONS = YES;
				CLANG_WARN_DIRECT_OBJC_ISA_USAGE = YES_ERROR;
				CLANG_WARN_DOCUMENTATION_COMMENTS = YES;
				CLANG_WARN_EMPTY_BODY = YES;
				CLANG_WARN_ENUM_CONVERSION = YES;
				CLANG_WARN_INFINITE_RECURSION = YES;
				CLANG_WARN_INT_CONVERSION = YES;
				CLANG_WARN_NON_LITERAL_NULL_CONVERSION = YES;
				CLANG_WARN_OBJC_IMPLICIT_RETAIN_SELF = YES;
				CLANG_WARN_OBJC_LITERAL_CONVERSION = YES;
				CLANG_WARN_OBJC_ROOT_CLASS = YES_ERROR;
				CLANG_WARN_QUOTED_INCLUDE_IN_FRAMEWORK_HEADER = YES;
				CLANG_WARN_RANGE_LOOP_ANALYSIS = YES;
				CLANG_WARN_STRICT_PROTOTYPES = YES;
				CLANG_WARN_SUSPICIOUS_MOVE = YES;
				CLANG_WARN_UNGUARDED_AVAILABILITY = YES_AGGRESSIVE;
				CLANG_WARN_UNREACHABLE_CODE = YES;
				CLANG_WARN__DUPLICATE_METHOD_MATCH = YES;
				COPY_PHASE_STRIP = NO;
				DEBUG_INFORMATION_FORMAT = dwarf;
				ENABLE_STRICT_OBJC_MSGSEND = YES;
				ENABLE_TESTABILITY = YES;
				GCC_C_LANGUAGE_STANDARD = gnu11;
				GCC_DYNAMIC_NO_PIC = NO;
				GCC_NO_COMMON_BLOCKS = YES;
				GCC_OPTIMIZATION_LEVEL = 0;
				GCC_PREPROCESSOR_DEFINITIONS = (
					"DEBUG=1",
					"$(inherited)",
				);
				GCC_WARN_64_TO_32_BIT_CONVERSION = YES;
				GCC_WARN_ABOUT_RETURN_TYPE = YES_ERROR;
				GCC_WARN_UNDECLARED_SELECTOR = YES;
				GCC_WARN_UNINITIALIZED_AUTOS = YES_AGGRESSIVE;
				GCC_WARN_UNUSED_FUNCTION = YES;
				GCC_WARN_UNUSED_VARIABLE = YES;
				IPHONEOS_DEPLOYMENT_TARGET = 14.2;
				MTL_ENABLE_DEBUG_INFO = INCLUDE_SOURCE;
				MTL_FAST_MATH = YES;
				ONLY_ACTIVE_ARCH = YES;
				SDKROOT = iphoneos;
			};
			name = Debug;
		};
		1B56A85A2579ED820040E218 /* Release */ = {
			isa = XCBuildConfiguration;
			buildSettings = {
				ALWAYS_SEARCH_USER_PATHS = NO;
				CLANG_ANALYZER_NONNULL = YES;
				CLANG_ANALYZER_NUMBER_OBJECT_CONVERSION = YES_AGGRESSIVE;
				CLANG_CXX_LANGUAGE_STANDARD = "gnu++14";
				CLANG_CXX_LIBRARY = "libc++";
				CLANG_ENABLE_MODULES = YES;
				CLANG_ENABLE_OBJC_ARC = YES;
				CLANG_ENABLE_OBJC_WEAK = YES;
				CLANG_WARN_BLOCK_CAPTURE_AUTORELEASING = YES;
				CLANG_WARN_BOOL_CONVERSION = YES;
				CLANG_WARN_COMMA = YES;
				CLANG_WARN_CONSTANT_CONVERSION = YES;
				CLANG_WARN_DEPRECATED_OBJC_IMPLEMENTATIONS = YES;
				CLANG_WARN_DIRECT_OBJC_ISA_USAGE = YES_ERROR;
				CLANG_WARN_DOCUMENTATION_COMMENTS = YES;
				CLANG_WARN_EMPTY_BODY = YES;
				CLANG_WARN_ENUM_CONVERSION = YES;
				CLANG_WARN_INFINITE_RECURSION = YES;
				CLANG_WARN_INT_CONVERSION = YES;
				CLANG_WARN_NON_LITERAL_NULL_CONVERSION = YES;
				CLANG_WARN_OBJC_IMPLICIT_RETAIN_SELF = YES;
				CLANG_WARN_OBJC_LITERAL_CONVERSION = YES;
				CLANG_WARN_OBJC_ROOT_CLASS = YES_ERROR;
				CLANG_WARN_QUOTED_INCLUDE_IN_FRAMEWORK_HEADER = YES;
				CLANG_WARN_RANGE_LOOP_ANALYSIS = YES;
				CLANG_WARN_STRICT_PROTOTYPES = YES;
				CLANG_WARN_SUSPICIOUS_MOVE = YES;
				CLANG_WARN_UNGUARDED_AVAILABILITY = YES_AGGRESSIVE;
				CLANG_WARN_UNREACHABLE_CODE = YES;
				CLANG_WARN__DUPLICATE_METHOD_MATCH = YES;
				COPY_PHASE_STRIP = NO;
				DEBUG_INFORMATION_FORMAT = "dwarf-with-dsym";
				ENABLE_NS_ASSERTIONS = NO;
				ENABLE_STRICT_OBJC_MSGSEND = YES;
				GCC_C_LANGUAGE_STANDARD = gnu11;
				GCC_NO_COMMON_BLOCKS = YES;
				GCC_WARN_64_TO_32_BIT_CONVERSION = YES;
				GCC_WARN_ABOUT_RETURN_TYPE = YES_ERROR;
				GCC_WARN_UNDECLARED_SELECTOR = YES;
				GCC_WARN_UNINITIALIZED_AUTOS = YES_AGGRESSIVE;
				GCC_WARN_UNUSED_FUNCTION = YES;
				GCC_WARN_UNUSED_VARIABLE = YES;
				IPHONEOS_DEPLOYMENT_TARGET = 14.2;
				MTL_ENABLE_DEBUG_INFO = NO;
				MTL_FAST_MATH = YES;
				SDKROOT = iphoneos;
				VALIDATE_PRODUCT = YES;
			};
			name = Release;
		};
		1B56A85C2579ED820040E218 /* Debug */ = {
			isa = XCBuildConfiguration;
			buildSettings = {
				ASSETCATALOG_COMPILER_APPICON_NAME = AppIcon;
				ASSETCATALOG_COMPILER_GLOBAL_ACCENT_COLOR_NAME = AccentColor;
				CODE_SIGN_STYLE = Automatic;
				DEVELOPMENT_TEAM = 47JZ249C37;
				INFOPLIST_FILE = iOS14/Info.plist;
				IPHONEOS_DEPLOYMENT_TARGET = 9.0;
				LD_RUNPATH_SEARCH_PATHS = (
					"$(inherited)",
					"@executable_path/Frameworks",
				);
				PRODUCT_BUNDLE_IDENTIFIER = com.lbadvisor.iOS14;
				PRODUCT_NAME = "$(TARGET_NAME)";
				TARGETED_DEVICE_FAMILY = "1,2";
			};
			name = Debug;
		};
		1B56A85D2579ED820040E218 /* Release */ = {
			isa = XCBuildConfiguration;
			buildSettings = {
				ASSETCATALOG_COMPILER_APPICON_NAME = AppIcon;
				ASSETCATALOG_COMPILER_GLOBAL_ACCENT_COLOR_NAME = AccentColor;
				CODE_SIGN_STYLE = Automatic;
				DEVELOPMENT_TEAM = 47JZ249C37;
				INFOPLIST_FILE = iOS14/Info.plist;
				IPHONEOS_DEPLOYMENT_TARGET = 9.0;
				LD_RUNPATH_SEARCH_PATHS = (
					"$(inherited)",
					"@executable_path/Frameworks",
				);
				PRODUCT_BUNDLE_IDENTIFIER = com.lbadvisor.iOS14;
				PRODUCT_NAME = "$(TARGET_NAME)";
				TARGETED_DEVICE_FAMILY = "1,2";
			};
			name = Release;
		};
		1B56A85F2579ED820040E218 /* Debug */ = {
			isa = XCBuildConfiguration;
			buildSettings = {
				BUNDLE_LOADER = "$(TEST_HOST)";
				CODE_SIGN_STYLE = Automatic;
				INFOPLIST_FILE = iOS14Tests/Info.plist;
				IPHONEOS_DEPLOYMENT_TARGET = 14.2;
				LD_RUNPATH_SEARCH_PATHS = (
					"$(inherited)",
					"@executable_path/Frameworks",
					"@loader_path/Frameworks",
				);
				PRODUCT_BUNDLE_IDENTIFIER = com.lbadvisor.iOS14Tests;
				PRODUCT_NAME = "$(TARGET_NAME)";
				TARGETED_DEVICE_FAMILY = "1,2";
				TEST_HOST = "$(BUILT_PRODUCTS_DIR)/iOS14_2.app/iOS14_2";
			};
			name = Debug;
		};
		1B56A8602579ED820040E218 /* Release */ = {
			isa = XCBuildConfiguration;
			buildSettings = {
				BUNDLE_LOADER = "$(TEST_HOST)";
				CODE_SIGN_STYLE = Automatic;
				INFOPLIST_FILE = iOS14Tests/Info.plist;
				IPHONEOS_DEPLOYMENT_TARGET = 14.2;
				LD_RUNPATH_SEARCH_PATHS = (
					"$(inherited)",
					"@executable_path/Frameworks",
					"@loader_path/Frameworks",
				);
				PRODUCT_BUNDLE_IDENTIFIER = com.lbadvisor.iOS14Tests;
				PRODUCT_NAME = "$(TARGET_NAME)";
				TARGETED_DEVICE_FAMILY = "1,2";
				TEST_HOST = "$(BUILT_PRODUCTS_DIR)/iOS14_2.app/iOS14_2";
			};
			name = Release;
		};
		1B56A8622579ED820040E218 /* Debug */ = {
			isa = XCBuildConfiguration;
			buildSettings = {
				CODE_SIGN_STYLE = Automatic;
				INFOPLIST_FILE = iOS14UITests/Info.plist;
				LD_RUNPATH_SEARCH_PATHS = (
					"$(inherited)",
					"@executable_path/Frameworks",
					"@loader_path/Frameworks",
				);
				PRODUCT_BUNDLE_IDENTIFIER = com.lbadvisor.iOS14UITests;
				PRODUCT_NAME = "$(TARGET_NAME)";
				TARGETED_DEVICE_FAMILY = "1,2";
				TEST_TARGET_NAME = iOS14;
			};
			name = Debug;
		};
		1B56A8632579ED820040E218 /* Release */ = {
			isa = XCBuildConfiguration;
			buildSettings = {
				CODE_SIGN_STYLE = Automatic;
				INFOPLIST_FILE = iOS14UITests/Info.plist;
				LD_RUNPATH_SEARCH_PATHS = (
					"$(inherited)",
					"@executable_path/Frameworks",
					"@loader_path/Frameworks",
				);
				PRODUCT_BUNDLE_IDENTIFIER = com.lbadvisor.iOS14UITests;
				PRODUCT_NAME = "$(TARGET_NAME)";
				TARGETED_DEVICE_FAMILY = "1,2";
				TEST_TARGET_NAME = iOS14;
			};
			name = Release;
		};
/* End XCBuildConfiguration section */

/* Begin XCConfigurationList section */
		1B56A8272579ED7F0040E218 /* Build configuration list for PBXProject "LiangjianghuSampleApp" */ = {
			isa = XCConfigurationList;
			buildConfigurations = (
				1B56A8592579ED820040E218 /* Debug */,
				1B56A85A2579ED820040E218 /* Release */,
			);
			defaultConfigurationIsVisible = 0;
			defaultConfigurationName = Release;
		};
		1B56A85B2579ED820040E218 /* Build configuration list for PBXNativeTarget "LiangjianghuSampleApp" */ = {
			isa = XCConfigurationList;
			buildConfigurations = (
				1B56A85C2579ED820040E218 /* Debug */,
				1B56A85D2579ED820040E218 /* Release */,
			);
			defaultConfigurationIsVisible = 0;
			defaultConfigurationName = Release;
		};
		1B56A85E2579ED820040E218 /* Build configuration list for PBXNativeTarget "LiangjianghuSampleAppTests" */ = {
			isa = XCConfigurationList;
			buildConfigurations = (
				1B56A85F2579ED820040E218 /* Debug */,
				1B56A8602579ED820040E218 /* Release */,
			);
			defaultConfigurationIsVisible = 0;
			defaultConfigurationName = Release;
		};
		1B56A8612579ED820040E218 /* Build configuration list for PBXNativeTarget "LiangjianghuSampleAppUITests" */ = {
			isa = XCConfigurationList;
			buildConfigurations = (
				1B56A8622579ED820040E218 /* Debug */,
				1B56A8632579ED820040E218 /* Release */,
			);
			defaultConfigurationIsVisible = 0;
			defaultConfigurationName = Release;
		};
/* End XCConfigurationList section */
	};
	rootObject = 1B56A8242579ED7F0040E218 /* Project object */;
}
